// !$*UTF8*$!
{
	archiveVersion = 1;
	classes = {
	};
	objectVersion = 46;
	objects = {

/* Begin PBXBuildFile section */
		D7866E751E6D962200D9C79B /* AppDelegate.swift in Sources */ = {isa = PBXBuildFile; fileRef = D7866E741E6D962200D9C79B /* AppDelegate.swift */; };
		D7866E771E6D962200D9C79B /* ViewController.swift in Sources */ = {isa = PBXBuildFile; fileRef = D7866E761E6D962200D9C79B /* ViewController.swift */; };
		D7866E7A1E6D962200D9C79B /* Main.storyboard in Resources */ = {isa = PBXBuildFile; fileRef = D7866E781E6D962200D9C79B /* Main.storyboard */; };
		D7866E7D1E6D962200D9C79B /* CW1_Final.xcdatamodeld in Sources */ = {isa = PBXBuildFile; fileRef = D7866E7B1E6D962200D9C79B /* CW1_Final.xcdatamodeld */; };
		D7866E7F1E6D962200D9C79B /* Assets.xcassets in Resources */ = {isa = PBXBuildFile; fileRef = D7866E7E1E6D962200D9C79B /* Assets.xcassets */; };
		D7866E821E6D962200D9C79B /* LaunchScreen.storyboard in Resources */ = {isa = PBXBuildFile; fileRef = D7866E801E6D962200D9C79B /* LaunchScreen.storyboard */; };
		D7866E8D1E6D962200D9C79B /* CW1_FinalTests.swift in Sources */ = {isa = PBXBuildFile; fileRef = D7866E8C1E6D962200D9C79B /* CW1_FinalTests.swift */; };
		D7866E981E6D962200D9C79B /* CW1_FinalUITests.swift in Sources */ = {isa = PBXBuildFile; fileRef = D7866E971E6D962200D9C79B /* CW1_FinalUITests.swift */; };
		D7866EB51E6D969B00D9C79B /* apple.png in Resources */ = {isa = PBXBuildFile; fileRef = D7866EA51E6D969B00D9C79B /* apple.png */; };
		D7866EB61E6D969B00D9C79B /* number0.png in Resources */ = {isa = PBXBuildFile; fileRef = D7866EA61E6D969B00D9C79B /* number0.png */; };
		D7866EB71E6D969B00D9C79B /* number1.png in Resources */ = {isa = PBXBuildFile; fileRef = D7866EA71E6D969B00D9C79B /* number1.png */; };
		D7866EB81E6D969B00D9C79B /* number2.png in Resources */ = {isa = PBXBuildFile; fileRef = D7866EA81E6D969B00D9C79B /* number2.png */; };
		D7866EB91E6D969B00D9C79B /* number3.png in Resources */ = {isa = PBXBuildFile; fileRef = D7866EA91E6D969B00D9C79B /* number3.png */; };
		D7866EBA1E6D969B00D9C79B /* number4.png in Resources */ = {isa = PBXBuildFile; fileRef = D7866EAA1E6D969B00D9C79B /* number4.png */; };
		D7866EBB1E6D969B00D9C79B /* number5.png in Resources */ = {isa = PBXBuildFile; fileRef = D7866EAB1E6D969B00D9C79B /* number5.png */; };
		D7866EBC1E6D969B00D9C79B /* number6.png in Resources */ = {isa = PBXBuildFile; fileRef = D7866EAC1E6D969B00D9C79B /* number6.png */; };
		D7866EBD1E6D969B00D9C79B /* number7.png in Resources */ = {isa = PBXBuildFile; fileRef = D7866EAD1E6D969B00D9C79B /* number7.png */; };
		D7866EBE1E6D969B00D9C79B /* number8.png in Resources */ = {isa = PBXBuildFile; fileRef = D7866EAE1E6D969B00D9C79B /* number8.png */; };
		D7866EBF1E6D969B00D9C79B /* number9.png in Resources */ = {isa = PBXBuildFile; fileRef = D7866EAF1E6D969B00D9C79B /* number9.png */; };
		D7866EC01E6D969B00D9C79B /* plate_white.png in Resources */ = {isa = PBXBuildFile; fileRef = D7866EB01E6D969B00D9C79B /* plate_white.png */; };
		D7866EC11E6D969B00D9C79B /* plate.png in Resources */ = {isa = PBXBuildFile; fileRef = D7866EB11E6D969B00D9C79B /* plate.png */; };
		D7866EC21E6D969B00D9C79B /* play_again.png in Resources */ = {isa = PBXBuildFile; fileRef = D7866EB21E6D969B00D9C79B /* play_again.png */; };
		D7866EC31E6D969B00D9C79B /* star_kids.png in Resources */ = {isa = PBXBuildFile; fileRef = D7866EB31E6D969B00D9C79B /* star_kids.png */; };
		D7866EC41E6D969B00D9C79B /* thumbs_up.png in Resources */ = {isa = PBXBuildFile; fileRef = D7866EB41E6D969B00D9C79B /* thumbs_up.png */; };
		D7866ED01E6DA66A00D9C79B /* DraggedImageView.swift in Sources */ = {isa = PBXBuildFile; fileRef = D7866ECF1E6DA66A00D9C79B /* DraggedImageView.swift */; };
/* End PBXBuildFile section */

/* Begin PBXContainerItemProxy section */
		D7866E891E6D962200D9C79B /* PBXContainerItemProxy */ = {
			isa = PBXContainerItemProxy;
			containerPortal = D7866E691E6D962200D9C79B /* Project object */;
			proxyType = 1;
			remoteGlobalIDString = D7866E701E6D962200D9C79B;
			remoteInfo = "CW1 Final";
		};
		D7866E941E6D962200D9C79B /* PBXContainerItemProxy */ = {
			isa = PBXContainerItemProxy;
			containerPortal = D7866E691E6D962200D9C79B /* Project object */;
			proxyType = 1;
			remoteGlobalIDString = D7866E701E6D962200D9C79B;
			remoteInfo = "CW1 Final";
		};
/* End PBXContainerItemProxy section */

/* Begin PBXFileReference section */
		D7866E711E6D962200D9C79B /* CW1 Final.app */ = {isa = PBXFileReference; explicitFileType = wrapper.application; includeInIndex = 0; path = "CW1 Final.app"; sourceTree = BUILT_PRODUCTS_DIR; };
		D7866E741E6D962200D9C79B /* AppDelegate.swift */ = {isa = PBXFileReference; lastKnownFileType = sourcecode.swift; path = AppDelegate.swift; sourceTree = "<group>"; };
		D7866E761E6D962200D9C79B /* ViewController.swift */ = {isa = PBXFileReference; lastKnownFileType = sourcecode.swift; path = ViewController.swift; sourceTree = "<group>"; };
		D7866E791E6D962200D9C79B /* Base */ = {isa = PBXFileReference; lastKnownFileType = file.storyboard; name = Base; path = Base.lproj/Main.storyboard; sourceTree = "<group>"; };
		D7866E7C1E6D962200D9C79B /* CW1_Final.xcdatamodel */ = {isa = PBXFileReference; lastKnownFileType = wrapper.xcdatamodel; path = CW1_Final.xcdatamodel; sourceTree = "<group>"; };
		D7866E7E1E6D962200D9C79B /* Assets.xcassets */ = {isa = PBXFileReference; lastKnownFileType = folder.assetcatalog; path = Assets.xcassets; sourceTree = "<group>"; };
		D7866E811E6D962200D9C79B /* Base */ = {isa = PBXFileReference; lastKnownFileType = file.storyboard; name = Base; path = Base.lproj/LaunchScreen.storyboard; sourceTree = "<group>"; };
		D7866E831E6D962200D9C79B /* Info.plist */ = {isa = PBXFileReference; lastKnownFileType = text.plist.xml; path = Info.plist; sourceTree = "<group>"; };
		D7866E881E6D962200D9C79B /* CW1 FinalTests.xctest */ = {isa = PBXFileReference; explicitFileType = wrapper.cfbundle; includeInIndex = 0; path = "CW1 FinalTests.xctest"; sourceTree = BUILT_PRODUCTS_DIR; };
		D7866E8C1E6D962200D9C79B /* CW1_FinalTests.swift */ = {isa = PBXFileReference; lastKnownFileType = sourcecode.swift; path = CW1_FinalTests.swift; sourceTree = "<group>"; };
		D7866E8E1E6D962200D9C79B /* Info.plist */ = {isa = PBXFileReference; lastKnownFileType = text.plist.xml; path = Info.plist; sourceTree = "<group>"; };
		D7866E931E6D962200D9C79B /* CW1 FinalUITests.xctest */ = {isa = PBXFileReference; explicitFileType = wrapper.cfbundle; includeInIndex = 0; path = "CW1 FinalUITests.xctest"; sourceTree = BUILT_PRODUCTS_DIR; };
		D7866E971E6D962200D9C79B /* CW1_FinalUITests.swift */ = {isa = PBXFileReference; lastKnownFileType = sourcecode.swift; path = CW1_FinalUITests.swift; sourceTree = "<group>"; };
		D7866E991E6D962200D9C79B /* Info.plist */ = {isa = PBXFileReference; lastKnownFileType = text.plist.xml; path = Info.plist; sourceTree = "<group>"; };
		D7866EA51E6D969B00D9C79B /* apple.png */ = {isa = PBXFileReference; lastKnownFileType = image.png; name = apple.png; path = ../../images/apple.png; sourceTree = "<group>"; };
		D7866EA61E6D969B00D9C79B /* number0.png */ = {isa = PBXFileReference; lastKnownFileType = image.png; name = number0.png; path = ../../images/number0.png; sourceTree = "<group>"; };
		D7866EA71E6D969B00D9C79B /* number1.png */ = {isa = PBXFileReference; lastKnownFileType = image.png; name = number1.png; path = ../../images/number1.png; sourceTree = "<group>"; };
		D7866EA81E6D969B00D9C79B /* number2.png */ = {isa = PBXFileReference; lastKnownFileType = image.png; name = number2.png; path = ../../images/number2.png; sourceTree = "<group>"; };
		D7866EA91E6D969B00D9C79B /* number3.png */ = {isa = PBXFileReference; lastKnownFileType = image.png; name = number3.png; path = ../../images/number3.png; sourceTree = "<group>"; };
		D7866EAA1E6D969B00D9C79B /* number4.png */ = {isa = PBXFileReference; lastKnownFileType = image.png; name = number4.png; path = ../../images/number4.png; sourceTree = "<group>"; };
		D7866EAB1E6D969B00D9C79B /* number5.png */ = {isa = PBXFileReference; lastKnownFileType = image.png; name = number5.png; path = ../../images/number5.png; sourceTree = "<group>"; };
		D7866EAC1E6D969B00D9C79B /* number6.png */ = {isa = PBXFileReference; lastKnownFileType = image.png; name = number6.png; path = ../../images/number6.png; sourceTree = "<group>"; };
		D7866EAD1E6D969B00D9C79B /* number7.png */ = {isa = PBXFileReference; lastKnownFileType = image.png; name = number7.png; path = ../../images/number7.png; sourceTree = "<group>"; };
		D7866EAE1E6D969B00D9C79B /* number8.png */ = {isa = PBXFileReference; lastKnownFileType = image.png; name = number8.png; path = ../../images/number8.png; sourceTree = "<group>"; };
		D7866EAF1E6D969B00D9C79B /* number9.png */ = {isa = PBXFileReference; lastKnownFileType = image.png; name = number9.png; path = ../../images/number9.png; sourceTree = "<group>"; };
		D7866EB01E6D969B00D9C79B /* plate_white.png */ = {isa = PBXFileReference; lastKnownFileType = image.png; name = plate_white.png; path = ../../images/plate_white.png; sourceTree = "<group>"; };
		D7866EB11E6D969B00D9C79B /* plate.png */ = {isa = PBXFileReference; lastKnownFileType = image.png; name = plate.png; path = ../../images/plate.png; sourceTree = "<group>"; };
		D7866EB21E6D969B00D9C79B /* play_again.png */ = {isa = PBXFileReference; lastKnownFileType = image.png; name = play_again.png; path = ../../images/play_again.png; sourceTree = "<group>"; };
		D7866EB31E6D969B00D9C79B /* star_kids.png */ = {isa = PBXFileReference; lastKnownFileType = image.png; name = star_kids.png; path = ../../images/star_kids.png; sourceTree = "<group>"; };
		D7866EB41E6D969B00D9C79B /* thumbs_up.png */ = {isa = PBXFileReference; lastKnownFileType = image.png; name = thumbs_up.png; path = ../../images/thumbs_up.png; sourceTree = "<group>"; };
		D7866ECF1E6DA66A00D9C79B /* DraggedImageView.swift */ = {isa = PBXFileReference; fileEncoding = 4; lastKnownFileType = sourcecode.swift; path = DraggedImageView.swift; sourceTree = "<group>"; };
/* End PBXFileReference section */

/* Begin PBXFrameworksBuildPhase section */
		D7866E6E1E6D962200D9C79B /* Frameworks */ = {
			isa = PBXFrameworksBuildPhase;
			buildActionMask = 2147483647;
			files = (
			);
			runOnlyForDeploymentPostprocessing = 0;
		};
		D7866E851E6D962200D9C79B /* Frameworks */ = {
			isa = PBXFrameworksBuildPhase;
			buildActionMask = 2147483647;
			files = (
			);
			runOnlyForDeploymentPostprocessing = 0;
		};
		D7866E901E6D962200D9C79B /* Frameworks */ = {
			isa = PBXFrameworksBuildPhase;
			buildActionMask = 2147483647;
			files = (
			);
			runOnlyForDeploymentPostprocessing = 0;
		};
/* End PBXFrameworksBuildPhase section */

/* Begin PBXGroup section */
		D7866E681E6D962200D9C79B = {
			isa = PBXGroup;
			children = (
				D7866E731E6D962200D9C79B /* CW1 Final */,
				D7866E8B1E6D962200D9C79B /* CW1 FinalTests */,
				D7866E961E6D962200D9C79B /* CW1 FinalUITests */,
				D7866E721E6D962200D9C79B /* Products */,
			);
			sourceTree = "<group>";
		};
		D7866E721E6D962200D9C79B /* Products */ = {
			isa = PBXGroup;
			children = (
				D7866E711E6D962200D9C79B /* CW1 Final.app */,
				D7866E881E6D962200D9C79B /* CW1 FinalTests.xctest */,
				D7866E931E6D962200D9C79B /* CW1 FinalUITests.xctest */,
			);
			name = Products;
			sourceTree = "<group>";
		};
		D7866E731E6D962200D9C79B /* CW1 Final */ = {
			isa = PBXGroup;
			children = (
				D7866EA51E6D969B00D9C79B /* apple.png */,
				D7866EA61E6D969B00D9C79B /* number0.png */,
				D7866EA71E6D969B00D9C79B /* number1.png */,
				D7866EA81E6D969B00D9C79B /* number2.png */,
				D7866EA91E6D969B00D9C79B /* number3.png */,
				D7866EAA1E6D969B00D9C79B /* number4.png */,
				D7866EAB1E6D969B00D9C79B /* number5.png */,
				D7866EAC1E6D969B00D9C79B /* number6.png */,
				D7866EAD1E6D969B00D9C79B /* number7.png */,
				D7866EAE1E6D969B00D9C79B /* number8.png */,
				D7866EAF1E6D969B00D9C79B /* number9.png */,
				D7866EB11E6D969B00D9C79B /* plate.png */,
				D7866EB21E6D969B00D9C79B /* play_again.png */,
				D7866EB31E6D969B00D9C79B /* star_kids.png */,
				D7866EB41E6D969B00D9C79B /* thumbs_up.png */,
				D7866EB01E6D969B00D9C79B /* plate_white.png */,
				D7866E741E6D962200D9C79B /* AppDelegate.swift */,
				D7866E761E6D962200D9C79B /* ViewController.swift */,
				D7866ECF1E6DA66A00D9C79B /* DraggedImageView.swift */,
				D7866E781E6D962200D9C79B /* Main.storyboard */,
				D7866E7E1E6D962200D9C79B /* Assets.xcassets */,
				D7866E801E6D962200D9C79B /* LaunchScreen.storyboard */,
				D7866E831E6D962200D9C79B /* Info.plist */,
				D7866E7B1E6D962200D9C79B /* CW1_Final.xcdatamodeld */,
			);
			path = "CW1 Final";
			sourceTree = "<group>";
		};
		D7866E8B1E6D962200D9C79B /* CW1 FinalTests */ = {
			isa = PBXGroup;
			children = (
				D7866E8C1E6D962200D9C79B /* CW1_FinalTests.swift */,
				D7866E8E1E6D962200D9C79B /* Info.plist */,
			);
			path = "CW1 FinalTests";
			sourceTree = "<group>";
		};
		D7866E961E6D962200D9C79B /* CW1 FinalUITests */ = {
			isa = PBXGroup;
			children = (
				D7866E971E6D962200D9C79B /* CW1_FinalUITests.swift */,
				D7866E991E6D962200D9C79B /* Info.plist */,
			);
			path = "CW1 FinalUITests";
			sourceTree = "<group>";
		};
/* End PBXGroup section */

/* Begin PBXNativeTarget section */
		D7866E701E6D962200D9C79B /* CW1 Final */ = {
			isa = PBXNativeTarget;
			buildConfigurationList = D7866E9C1E6D962200D9C79B /* Build configuration list for PBXNativeTarget "CW1 Final" */;
			buildPhases = (
				D7866E6D1E6D962200D9C79B /* Sources */,
				D7866E6E1E6D962200D9C79B /* Frameworks */,
				D7866E6F1E6D962200D9C79B /* Resources */,
			);
			buildRules = (
			);
			dependencies = (
			);
			name = "CW1 Final";
			productName = "CW1 Final";
			productReference = D7866E711E6D962200D9C79B /* CW1 Final.app */;
			productType = "com.apple.product-type.application";
		};
		D7866E871E6D962200D9C79B /* CW1 FinalTests */ = {
			isa = PBXNativeTarget;
			buildConfigurationList = D7866E9F1E6D962200D9C79B /* Build configuration list for PBXNativeTarget "CW1 FinalTests" */;
			buildPhases = (
				D7866E841E6D962200D9C79B /* Sources */,
				D7866E851E6D962200D9C79B /* Frameworks */,
				D7866E861E6D962200D9C79B /* Resources */,
			);
			buildRules = (
			);
			dependencies = (
				D7866E8A1E6D962200D9C79B /* PBXTargetDependency */,
			);
			name = "CW1 FinalTests";
			productName = "CW1 FinalTests";
			productReference = D7866E881E6D962200D9C79B /* CW1 FinalTests.xctest */;
			productType = "com.apple.product-type.bundle.unit-test";
		};
		D7866E921E6D962200D9C79B /* CW1 FinalUITests */ = {
			isa = PBXNativeTarget;
			buildConfigurationList = D7866EA21E6D962200D9C79B /* Build configuration list for PBXNativeTarget "CW1 FinalUITests" */;
			buildPhases = (
				D7866E8F1E6D962200D9C79B /* Sources */,
				D7866E901E6D962200D9C79B /* Frameworks */,
				D7866E911E6D962200D9C79B /* Resources */,
			);
			buildRules = (
			);
			dependencies = (
				D7866E951E6D962200D9C79B /* PBXTargetDependency */,
			);
			name = "CW1 FinalUITests";
			productName = "CW1 FinalUITests";
			productReference = D7866E931E6D962200D9C79B /* CW1 FinalUITests.xctest */;
			productType = "com.apple.product-type.bundle.ui-testing";
		};
/* End PBXNativeTarget section */

/* Begin PBXProject section */
		D7866E691E6D962200D9C79B /* Project object */ = {
			isa = PBXProject;
			attributes = {
				LastSwiftUpdateCheck = 0820;
				LastUpgradeCheck = 0820;
				ORGANIZATIONNAME = "Pavan Patel";
				TargetAttributes = {
					D7866E701E6D962200D9C79B = {
						CreatedOnToolsVersion = 8.2.1;
						DevelopmentTeam = 73757XGG56;
						ProvisioningStyle = Automatic;
					};
					D7866E871E6D962200D9C79B = {
						CreatedOnToolsVersion = 8.2.1;
						DevelopmentTeam = 73757XGG56;
						ProvisioningStyle = Automatic;
						TestTargetID = D7866E701E6D962200D9C79B;
					};
					D7866E921E6D962200D9C79B = {
						CreatedOnToolsVersion = 8.2.1;
						DevelopmentTeam = 73757XGG56;
						ProvisioningStyle = Automatic;
						TestTargetID = D7866E701E6D962200D9C79B;
					};
				};
			};
			buildConfigurationList = D7866E6C1E6D962200D9C79B /* Build configuration list for PBXProject "CW1 Final" */;
			compatibilityVersion = "Xcode 3.2";
			developmentRegion = English;
			hasScannedForEncodings = 0;
			knownRegions = (
				en,
				Base,
			);
			mainGroup = D7866E681E6D962200D9C79B;
			productRefGroup = D7866E721E6D962200D9C79B /* Products */;
			projectDirPath = "";
			projectRoot = "";
			targets = (
				D7866E701E6D962200D9C79B /* CW1 Final */,
				D7866E871E6D962200D9C79B /* CW1 FinalTests */,
				D7866E921E6D962200D9C79B /* CW1 FinalUITests */,
			);
		};
/* End PBXProject section */

/* Begin PBXResourcesBuildPhase section */
		D7866E6F1E6D962200D9C79B /* Resources */ = {
			isa = PBXResourcesBuildPhase;
			buildActionMask = 2147483647;
			files = (
				D7866E821E6D962200D9C79B /* LaunchScreen.storyboard in Resources */,
				D7866EBE1E6D969B00D9C79B /* number8.png in Resources */,
				D7866EC11E6D969B00D9C79B /* plate.png in Resources */,
				D7866E7F1E6D962200D9C79B /* Assets.xcassets in Resources */,
				D7866EBD1E6D969B00D9C79B /* number7.png in Resources */,
				D7866EBB1E6D969B00D9C79B /* number5.png in Resources */,
				D7866EB91E6D969B00D9C79B /* number3.png in Resources */,
				D7866EC01E6D969B00D9C79B /* plate_white.png in Resources */,
				D7866EB71E6D969B00D9C79B /* number1.png in Resources */,
				D7866EB61E6D969B00D9C79B /* number0.png in Resources */,
				D7866EBA1E6D969B00D9C79B /* number4.png in Resources */,
				D7866EB51E6D969B00D9C79B /* apple.png in Resources */,
				D7866EB81E6D969B00D9C79B /* number2.png in Resources */,
				D7866E7A1E6D962200D9C79B /* Main.storyboard in Resources */,
				D7866EBF1E6D969B00D9C79B /* number9.png in Resources */,
				D7866EC41E6D969B00D9C79B /* thumbs_up.png in Resources */,
				D7866EBC1E6D969B00D9C79B /* number6.png in Resources */,
				D7866EC31E6D969B00D9C79B /* star_kids.png in Resources */,
				D7866EC21E6D969B00D9C79B /* play_again.png in Resources */,
			);
			runOnlyForDeploymentPostprocessing = 0;
		};
		D7866E861E6D962200D9C79B /* Resources */ = {
			isa = PBXResourcesBuildPhase;
			buildActionMask = 2147483647;
			files = (
			);
			runOnlyForDeploymentPostprocessing = 0;
		};
		D7866E911E6D962200D9C79B /* Resources */ = {
			isa = PBXResourcesBuildPhase;
			buildActionMask = 2147483647;
			files = (
			);
			runOnlyForDeploymentPostprocessing = 0;
		};
/* End PBXResourcesBuildPhase section */

/* Begin PBXSourcesBuildPhase section */
		D7866E6D1E6D962200D9C79B /* Sources */ = {
			isa = PBXSourcesBuildPhase;
			buildActionMask = 2147483647;
			files = (
				D7866E771E6D962200D9C79B /* ViewController.swift in Sources */,
				D7866ED01E6DA66A00D9C79B /* DraggedImageView.swift in Sources */,
				D7866E7D1E6D962200D9C79B /* CW1_Final.xcdatamodeld in Sources */,
				D7866E751E6D962200D9C79B /* AppDelegate.swift in Sources */,
			);
			runOnlyForDeploymentPostprocessing = 0;
		};
		D7866E841E6D962200D9C79B /* Sources */ = {
			isa = PBXSourcesBuildPhase;
			buildActionMask = 2147483647;
			files = (
				D7866E8D1E6D962200D9C79B /* CW1_FinalTests.swift in Sources */,
			);
			runOnlyForDeploymentPostprocessing = 0;
		};
		D7866E8F1E6D962200D9C79B /* Sources */ = {
			isa = PBXSourcesBuildPhase;
			buildActionMask = 2147483647;
			files = (
				D7866E981E6D962200D9C79B /* CW1_FinalUITests.swift in Sources */,
			);
			runOnlyForDeploymentPostprocessing = 0;
		};
/* End PBXSourcesBuildPhase section */

/* Begin PBXTargetDependency section */
		D7866E8A1E6D962200D9C79B /* PBXTargetDependency */ = {
			isa = PBXTargetDependency;
			target = D7866E701E6D962200D9C79B /* CW1 Final */;
			targetProxy = D7866E891E6D962200D9C79B /* PBXContainerItemProxy */;
		};
		D7866E951E6D962200D9C79B /* PBXTargetDependency */ = {
			isa = PBXTargetDependency;
			target = D7866E701E6D962200D9C79B /* CW1 Final */;
			targetProxy = D7866E941E6D962200D9C79B /* PBXContainerItemProxy */;
		};
/* End PBXTargetDependency section */

/* Begin PBXVariantGroup section */
		D7866E781E6D962200D9C79B /* Main.storyboard */ = {
			isa = PBXVariantGroup;
			children = (
				D7866E791E6D962200D9C79B /* Base */,
			);
			name = Main.storyboard;
			sourceTree = "<group>";
		};
		D7866E801E6D962200D9C79B /* LaunchScreen.storyboard */ = {
			isa = PBXVariantGroup;
			children = (
				D7866E811E6D962200D9C79B /* Base */,
			);
			name = LaunchScreen.storyboard;
			sourceTree = "<group>";
		};
/* End PBXVariantGroup section */

/* Begin XCBuildConfiguration section */
		D7866E9A1E6D962200D9C79B /* Debug */ = {
			isa = XCBuildConfiguration;
			buildSettings = {
				ALWAYS_SEARCH_USER_PATHS = NO;
				CLANG_ANALYZER_NONNULL = YES;
				CLANG_CXX_LANGUAGE_STANDARD = "gnu++0x";
				CLANG_CXX_LIBRARY = "libc++";
				CLANG_ENABLE_MODULES = YES;
				CLANG_ENABLE_OBJC_ARC = YES;
				CLANG_WARN_BOOL_CONVERSION = YES;
				CLANG_WARN_CONSTANT_CONVERSION = YES;
				CLANG_WARN_DIRECT_OBJC_ISA_USAGE = YES_ERROR;
				CLANG_WARN_DOCUMENTATION_COMMENTS = YES;
				CLANG_WARN_EMPTY_BODY = YES;
				CLANG_WARN_ENUM_CONVERSION = YES;
				CLANG_WARN_INFINITE_RECURSION = YES;
				CLANG_WARN_INT_CONVERSION = YES;
				CLANG_WARN_OBJC_ROOT_CLASS = YES_ERROR;
				CLANG_WARN_SUSPICIOUS_MOVE = YES;
				CLANG_WARN_UNREACHABLE_CODE = YES;
				CLANG_WARN__DUPLICATE_METHOD_MATCH = YES;
				"CODE_SIGN_IDENTITY[sdk=iphoneos*]" = "iPhone Developer";
				COPY_PHASE_STRIP = NO;
				DEBUG_INFORMATION_FORMAT = dwarf;
				ENABLE_STRICT_OBJC_MSGSEND = YES;
				ENABLE_TESTABILITY = YES;
				GCC_C_LANGUAGE_STANDARD = gnu99;
				GCC_DYNAMIC_NO_PIC = NO;
				GCC_NO_COMMON_BLOCKS = YES;
				GCC_OPTIMIZATION_LEVEL = 0;
				GCC_PREPROCESSOR_DEFINITIONS = (
					"DEBUG=1",
					"$(inherited)",
				);
				GCC_WARN_64_TO_32_BIT_CONVERSION = YES;
				GCC_WARN_ABOUT_RETURN_TYPE = YES_ERROR;
				GCC_WARN_UNDECLARED_SELECTOR = YES;
				GCC_WARN_UNINITIALIZED_AUTOS = YES_AGGRESSIVE;
				GCC_WARN_UNUSED_FUNCTION = YES;
				GCC_WARN_UNUSED_VARIABLE = YES;
				IPHONEOS_DEPLOYMENT_TARGET = 10.2;
				MTL_ENABLE_DEBUG_INFO = YES;
				ONLY_ACTIVE_ARCH = YES;
				SDKROOT = iphoneos;
				SWIFT_ACTIVE_COMPILATION_CONDITIONS = DEBUG;
				SWIFT_OPTIMIZATION_LEVEL = "-Onone";
			};
			name = Debug;
		};
		D7866E9B1E6D962200D9C79B /* Release */ = {
			isa = XCBuildConfiguration;
			buildSettings = {
				ALWAYS_SEARCH_USER_PATHS = NO;
				CLANG_ANALYZER_NONNULL = YES;
				CLANG_CXX_LANGUAGE_STANDARD = "gnu++0x";
				CLANG_CXX_LIBRARY = "libc++";
				CLANG_ENABLE_MODULES = YES;
				CLANG_ENABLE_OBJC_ARC = YES;
				CLANG_WARN_BOOL_CONVERSION = YES;
				CLANG_WARN_CONSTANT_CONVERSION = YES;
				CLANG_WARN_DIRECT_OBJC_ISA_USAGE = YES_ERROR;
				CLANG_WARN_DOCUMENTATION_COMMENTS = YES;
				CLANG_WARN_EMPTY_BODY = YES;
				CLANG_WARN_ENUM_CONVERSION = YES;
				CLANG_WARN_INFINITE_RECURSION = YES;
				CLANG_WARN_INT_CONVERSION = YES;
				CLANG_WARN_OBJC_ROOT_CLASS = YES_ERROR;
				CLANG_WARN_SUSPICIOUS_MOVE = YES;
				CLANG_WARN_UNREACHABLE_CODE = YES;
				CLANG_WARN__DUPLICATE_METHOD_MATCH = YES;
				"CODE_SIGN_IDENTITY[sdk=iphoneos*]" = "iPhone Developer";
				COPY_PHASE_STRIP = NO;
				DEBUG_INFORMATION_FORMAT = "dwarf-with-dsym";
				ENABLE_NS_ASSERTIONS = NO;
				ENABLE_STRICT_OBJC_MSGSEND = YES;
				GCC_C_LANGUAGE_STANDARD = gnu99;
				GCC_NO_COMMON_BLOCKS = YES;
				GCC_WARN_64_TO_32_BIT_CONVERSION = YES;
				GCC_WARN_ABOUT_RETURN_TYPE = YES_ERROR;
				GCC_WARN_UNDECLARED_SELECTOR = YES;
				GCC_WARN_UNINITIALIZED_AUTOS = YES_AGGRESSIVE;
				GCC_WARN_UNUSED_FUNCTION = YES;
				GCC_WARN_UNUSED_VARIABLE = YES;
				IPHONEOS_DEPLOYMENT_TARGET = 10.2;
				MTL_ENABLE_DEBUG_INFO = NO;
				SDKROOT = iphoneos;
				SWIFT_OPTIMIZATION_LEVEL = "-Owholemodule";
				VALIDATE_PRODUCT = YES;
			};
			name = Release;
		};
		D7866E9D1E6D962200D9C79B /* Debug */ = {
			isa = XCBuildConfiguration;
			buildSettings = {
				ASSETCATALOG_COMPILER_APPICON_NAME = AppIcon;
				DEVELOPMENT_TEAM = 73757XGG56;
				INFOPLIST_FILE = "CW1 Final/Info.plist";
				LD_RUNPATH_SEARCH_PATHS = "$(inherited) @executable_path/Frameworks";
				PRODUCT_BUNDLE_IDENTIFIER = "Pavan.CW1-Final";
				PRODUCT_NAME = "$(TARGET_NAME)";
				SWIFT_VERSION = 3.0;
				TARGETED_DEVICE_FAMILY = "1,2";
			};
			name = Debug;
		};
		D7866E9E1E6D962200D9C79B /* Release */ = {
			isa = XCBuildConfiguration;
			buildSettings = {
				ASSETCATALOG_COMPILER_APPICON_NAME = AppIcon;
				DEVELOPMENT_TEAM = 73757XGG56;
				INFOPLIST_FILE = "CW1 Final/Info.plist";
				LD_RUNPATH_SEARCH_PATHS = "$(inherited) @executable_path/Frameworks";
				PRODUCT_BUNDLE_IDENTIFIER = "Pavan.CW1-Final";
				PRODUCT_NAME = "$(TARGET_NAME)";
				SWIFT_VERSION = 3.0;
				TARGETED_DEVICE_FAMILY = "1,2";
			};
			name = Release;
		};
		D7866EA01E6D962200D9C79B /* Debug */ = {
			isa = XCBuildConfiguration;
			buildSettings = {
				ALWAYS_EMBED_SWIFT_STANDARD_LIBRARIES = YES;
				BUNDLE_LOADER = "$(TEST_HOST)";
				DEVELOPMENT_TEAM = 73757XGG56;
				INFOPLIST_FILE = "CW1 FinalTests/Info.plist";
				LD_RUNPATH_SEARCH_PATHS = "$(inherited) @executable_path/Frameworks @loader_path/Frameworks";
				PRODUCT_BUNDLE_IDENTIFIER = "Pavan.CW1-FinalTests";
				PRODUCT_NAME = "$(TARGET_NAME)";
				SWIFT_VERSION = 3.0;
				TEST_HOST = "$(BUILT_PRODUCTS_DIR)/CW1 Final.app/CW1 Final";
			};
			name = Debug;
		};
		D7866EA11E6D962200D9C79B /* Release */ = {
			isa = XCBuildConfiguration;
			buildSettings = {
				ALWAYS_EMBED_SWIFT_STANDARD_LIBRARIES = YES;
				BUNDLE_LOADER = "$(TEST_HOST)";
				DEVELOPMENT_TEAM = 73757XGG56;
				INFOPLIST_FILE = "CW1 FinalTests/Info.plist";
				LD_RUNPATH_SEARCH_PATHS = "$(inherited) @executable_path/Frameworks @loader_path/Frameworks";
				PRODUCT_BUNDLE_IDENTIFIER = "Pavan.CW1-FinalTests";
				PRODUCT_NAME = "$(TARGET_NAME)";
				SWIFT_VERSION = 3.0;
				TEST_HOST = "$(BUILT_PRODUCTS_DIR)/CW1 Final.app/CW1 Final";
			};
			name = Release;
		};
		D7866EA31E6D962200D9C79B /* Debug */ = {
			isa = XCBuildConfiguration;
			buildSettings = {
				ALWAYS_EMBED_SWIFT_STANDARD_LIBRARIES = YES;
				DEVELOPMENT_TEAM = 73757XGG56;
				INFOPLIST_FILE = "CW1 FinalUITests/Info.plist";
				LD_RUNPATH_SEARCH_PATHS = "$(inherited) @executable_path/Frameworks @loader_path/Frameworks";
				PRODUCT_BUNDLE_IDENTIFIER = "Pavan.CW1-FinalUITests";
				PRODUCT_NAME = "$(TARGET_NAME)";
				SWIFT_VERSION = 3.0;
				TEST_TARGET_NAME = "CW1 Final";
			};
			name = Debug;
		};
		D7866EA41E6D962200D9C79B /* Release */ = {
			isa = XCBuildConfiguration;
			buildSettings = {
				ALWAYS_EMBED_SWIFT_STANDARD_LIBRARIES = YES;
				DEVELOPMENT_TEAM = 73757XGG56;
				INFOPLIST_FILE = "CW1 FinalUITests/Info.plist";
				LD_RUNPATH_SEARCH_PATHS = "$(inherited) @executable_path/Frameworks @loader_path/Frameworks";
				PRODUCT_BUNDLE_IDENTIFIER = "Pavan.CW1-FinalUITests";
				PRODUCT_NAME = "$(TARGET_NAME)";
				SWIFT_VERSION = 3.0;
				TEST_TARGET_NAME = "CW1 Final";
			};
			name = Release;
		};
/* End XCBuildConfiguration section */

/* Begin XCConfigurationList section */
		D7866E6C1E6D962200D9C79B /* Build configuration list for PBXProject "CW1 Final" */ = {
			isa = XCConfigurationList;
			buildConfigurations = (
				D7866E9A1E6D962200D9C79B /* Debug */,
				D7866E9B1E6D962200D9C79B /* Release */,
			);
			defaultConfigurationIsVisible = 0;
			defaultConfigurationName = Release;
		};
		D7866E9C1E6D962200D9C79B /* Build configuration list for PBXNativeTarget "CW1 Final" */ = {
			isa = XCConfigurationList;
			buildConfigurations = (
				D7866E9D1E6D962200D9C79B /* Debug */,
				D7866E9E1E6D962200D9C79B /* Release */,
			);
			defaultConfigurationIsVisible = 0;
		};
		D7866E9F1E6D962200D9C79B /* Build configuration list for PBXNativeTarget "CW1 FinalTests" */ = {
			isa = XCConfigurationList;
			buildConfigurations = (
				D7866EA01E6D962200D9C79B /* Debug */,
				D7866EA11E6D962200D9C79B /* Release */,
			);
			defaultConfigurationIsVisible = 0;
		};
		D7866EA21E6D962200D9C79B /* Build configuration list for PBXNativeTarget "CW1 FinalUITests" */ = {
			isa = XCConfigurationList;
			buildConfigurations = (
				D7866EA31E6D962200D9C79B /* Debug */,
				D7866EA41E6D962200D9C79B /* Release */,
			);
			defaultConfigurationIsVisible = 0;
		};
/* End XCConfigurationList section */

/* Begin XCVersionGroup section */
		D7866E7B1E6D962200D9C79B /* CW1_Final.xcdatamodeld */ = {
			isa = XCVersionGroup;
			children = (
				D7866E7C1E6D962200D9C79B /* CW1_Final.xcdatamodel */,
			);
			currentVersion = D7866E7C1E6D962200D9C79B /* CW1_Final.xcdatamodel */;
			path = CW1_Final.xcdatamodeld;
			sourceTree = "<group>";
			versionGroupType = wrapper.xcdatamodel;
		};
/* End XCVersionGroup section */
	};
	rootObject = D7866E691E6D962200D9C79B /* Project object */;
}
